
Microsoft Visual Studio Solution File, Format Version 12.00
# Visual Studio Version 17
VisualStudioVersion = 17.3.32901.215
MinimumVisualStudioVersion = 10.0.40219.1
Project("{FAE04EC0-301F-11D3-BF4B-00C04F79EFBC}") = "AdventOfCode2023", "AdventOfCode\AdventOfCode2023.csproj", "{B0AB9AEE-84E0-41C8-B639-836FA9826F93}"
EndProject
Global
	GlobalSection(SolutionConfigurationPlatforms) = preSolution
		Debug|Any CPU = Debug|Any CPU
		Release|Any CPU = Release|Any CPU
	EndGlobalSection
	GlobalSection(ProjectConfigurationPlatforms) = postSolution
		{B0AB9AEE-84E0-41C8-B639-836FA9826F93}.Debug|Any CPU.ActiveCfg = Debug|Any CPU
		{B0AB9AEE-84E0-41C8-B639-836FA9826F93}.Debug|Any CPU.Build.0 = Debug|Any CPU
		{B0AB9AEE-84E0-41C8-B639-836FA9826F93}.Release|Any CPU.ActiveCfg = Release|Any CPU
		{B0AB9AEE-84E0-41C8-B639-836FA9826F93}.Release|Any CPU.Build.0 = Release|Any CPU
	EndGlobalSection
	GlobalSection(SolutionProperties) = preSolution
		HideSolutionNode = FALSE
	EndGlobalSection
	GlobalSection(ExtensibilityGlobals) = postSolution
		SolutionGuid = {3B85EB9F-D4C0-479A-996F-F378BA817393}
	EndGlobalSection
EndGlobal
